// !$*UTF8*$!
{
	archiveVersion = 1;
	classes = {
	};
	objectVersion = 46;
	objects = {

/* Begin PBXBuildFile section */
		8033067F1ECDF88B00297819 /* AppDelegate.swift in Sources */ = {isa = PBXBuildFile; fileRef = 8033067E1ECDF88B00297819 /* AppDelegate.swift */; };
		803306861ECDF88B00297819 /* Assets.xcassets in Resources */ = {isa = PBXBuildFile; fileRef = 803306851ECDF88B00297819 /* Assets.xcassets */; };
		8033069D1ECDF93600297819 /* ApiService.swift in Sources */ = {isa = PBXBuildFile; fileRef = 8033069C1ECDF93600297819 /* ApiService.swift */; };
		803306A11ECDF94E00297819 /* RaceCell.swift in Sources */ = {isa = PBXBuildFile; fileRef = 8033069E1ECDF94E00297819 /* RaceCell.swift */; };
		803306A21ECDF94E00297819 /* SearchBarView.swift in Sources */ = {isa = PBXBuildFile; fileRef = 8033069F1ECDF94E00297819 /* SearchBarView.swift */; };
		803306A31ECDF94E00297819 /* SideMenuOptionCell.swift in Sources */ = {isa = PBXBuildFile; fileRef = 803306A01ECDF94E00297819 /* SideMenuOptionCell.swift */; };
		803306A51ECDF95E00297819 /* Race.swift in Sources */ = {isa = PBXBuildFile; fileRef = 803306A41ECDF95E00297819 /* Race.swift */; };
		803306AD1ECDF98200297819 /* AboutController.swift in Sources */ = {isa = PBXBuildFile; fileRef = 803306A61ECDF98200297819 /* AboutController.swift */; };
		803306AE1ECDF98200297819 /* GeneralController.swift in Sources */ = {isa = PBXBuildFile; fileRef = 803306A71ECDF98200297819 /* GeneralController.swift */; };
		803306AF1ECDF98200297819 /* GeneralController+Handlers.swift in Sources */ = {isa = PBXBuildFile; fileRef = 803306A81ECDF98200297819 /* GeneralController+Handlers.swift */; };
		803306B01ECDF98200297819 /* OptionsController.swift in Sources */ = {isa = PBXBuildFile; fileRef = 803306A91ECDF98200297819 /* OptionsController.swift */; };
		803306B11ECDF98200297819 /* RaceController.swift in Sources */ = {isa = PBXBuildFile; fileRef = 803306AA1ECDF98200297819 /* RaceController.swift */; };
		803306B21ECDF98200297819 /* SideMenuViewController.swift in Sources */ = {isa = PBXBuildFile; fileRef = 803306AB1ECDF98200297819 /* SideMenuViewController.swift */; };
		803306B31ECDF98200297819 /* SuggestRaceController.swift in Sources */ = {isa = PBXBuildFile; fileRef = 803306AC1ECDF98200297819 /* SuggestRaceController.swift */; };
		803306BB1ECDF9EE00297819 /* AlertHelper.swift in Sources */ = {isa = PBXBuildFile; fileRef = 803306B41ECDF9EE00297819 /* AlertHelper.swift */; };
		803306BC1ECDF9EE00297819 /* EmailConfig.swift in Sources */ = {isa = PBXBuildFile; fileRef = 803306B51ECDF9EE00297819 /* EmailConfig.swift */; };
		803306BD1ECDF9EE00297819 /* EmailSender.swift in Sources */ = {isa = PBXBuildFile; fileRef = 803306B61ECDF9EE00297819 /* EmailSender.swift */; };
		803306BE1ECDF9EE00297819 /* Extensions.swift in Sources */ = {isa = PBXBuildFile; fileRef = 803306B71ECDF9EE00297819 /* Extensions.swift */; };
		803306BF1ECDF9EE00297819 /* LaunchScreen_Splash.storyboard in Resources */ = {isa = PBXBuildFile; fileRef = 803306B81ECDF9EE00297819 /* LaunchScreen_Splash.storyboard */; };
		803306C01ECDF9EE00297819 /* UDWrapper.swift in Sources */ = {isa = PBXBuildFile; fileRef = 803306BA1ECDF9EE00297819 /* UDWrapper.swift */; };
		B0E095EF8AD50BB2AA34DB2D /* Pods_Running_Schedule.framework in Frameworks */ = {isa = PBXBuildFile; fileRef = 47FBB9CBF2EF78FBD7417D15 /* Pods_Running_Schedule.framework */; };
/* End PBXBuildFile section */

/* Begin PBXFileReference section */
		38439F64ACD1D92376F30627 /* Pods-Running Schedule.release.xcconfig */ = {isa = PBXFileReference; includeInIndex = 1; lastKnownFileType = text.xcconfig; name = "Pods-Running Schedule.release.xcconfig"; path = "Pods/Target Support Files/Pods-Running Schedule/Pods-Running Schedule.release.xcconfig"; sourceTree = "<group>"; };
		47FBB9CBF2EF78FBD7417D15 /* Pods_Running_Schedule.framework */ = {isa = PBXFileReference; explicitFileType = wrapper.framework; includeInIndex = 0; path = Pods_Running_Schedule.framework; sourceTree = BUILT_PRODUCTS_DIR; };
		8033067B1ECDF88B00297819 /* Running Schedule.app */ = {isa = PBXFileReference; explicitFileType = wrapper.application; includeInIndex = 0; path = "Running Schedule.app"; sourceTree = BUILT_PRODUCTS_DIR; };
		8033067E1ECDF88B00297819 /* AppDelegate.swift */ = {isa = PBXFileReference; lastKnownFileType = sourcecode.swift; path = AppDelegate.swift; sourceTree = "<group>"; };
		803306851ECDF88B00297819 /* Assets.xcassets */ = {isa = PBXFileReference; lastKnownFileType = folder.assetcatalog; path = Assets.xcassets; sourceTree = "<group>"; };
		8033068A1ECDF88B00297819 /* Info.plist */ = {isa = PBXFileReference; lastKnownFileType = text.plist.xml; path = Info.plist; sourceTree = "<group>"; };
		8033069C1ECDF93600297819 /* ApiService.swift */ = {isa = PBXFileReference; fileEncoding = 4; lastKnownFileType = sourcecode.swift; path = ApiService.swift; sourceTree = "<group>"; };
		8033069E1ECDF94E00297819 /* RaceCell.swift */ = {isa = PBXFileReference; fileEncoding = 4; lastKnownFileType = sourcecode.swift; path = RaceCell.swift; sourceTree = "<group>"; };
		8033069F1ECDF94E00297819 /* SearchBarView.swift */ = {isa = PBXFileReference; fileEncoding = 4; lastKnownFileType = sourcecode.swift; path = SearchBarView.swift; sourceTree = "<group>"; };
		803306A01ECDF94E00297819 /* SideMenuOptionCell.swift */ = {isa = PBXFileReference; fileEncoding = 4; lastKnownFileType = sourcecode.swift; path = SideMenuOptionCell.swift; sourceTree = "<group>"; };
		803306A41ECDF95E00297819 /* Race.swift */ = {isa = PBXFileReference; fileEncoding = 4; lastKnownFileType = sourcecode.swift; path = Race.swift; sourceTree = "<group>"; };
		803306A61ECDF98200297819 /* AboutController.swift */ = {isa = PBXFileReference; fileEncoding = 4; lastKnownFileType = sourcecode.swift; path = AboutController.swift; sourceTree = "<group>"; };
		803306A71ECDF98200297819 /* GeneralController.swift */ = {isa = PBXFileReference; fileEncoding = 4; lastKnownFileType = sourcecode.swift; path = GeneralController.swift; sourceTree = "<group>"; };
		803306A81ECDF98200297819 /* GeneralController+Handlers.swift */ = {isa = PBXFileReference; fileEncoding = 4; lastKnownFileType = sourcecode.swift; path = "GeneralController+Handlers.swift"; sourceTree = "<group>"; };
		803306A91ECDF98200297819 /* OptionsController.swift */ = {isa = PBXFileReference; fileEncoding = 4; lastKnownFileType = sourcecode.swift; path = OptionsController.swift; sourceTree = "<group>"; };
		803306AA1ECDF98200297819 /* RaceController.swift */ = {isa = PBXFileReference; fileEncoding = 4; lastKnownFileType = sourcecode.swift; path = RaceController.swift; sourceTree = "<group>"; };
		803306AB1ECDF98200297819 /* SideMenuViewController.swift */ = {isa = PBXFileReference; fileEncoding = 4; lastKnownFileType = sourcecode.swift; path = SideMenuViewController.swift; sourceTree = "<group>"; };
		803306AC1ECDF98200297819 /* SuggestRaceController.swift */ = {isa = PBXFileReference; fileEncoding = 4; lastKnownFileType = sourcecode.swift; path = SuggestRaceController.swift; sourceTree = "<group>"; };
		803306B41ECDF9EE00297819 /* AlertHelper.swift */ = {isa = PBXFileReference; fileEncoding = 4; lastKnownFileType = sourcecode.swift; path = AlertHelper.swift; sourceTree = "<group>"; };
		803306B51ECDF9EE00297819 /* EmailConfig.swift */ = {isa = PBXFileReference; fileEncoding = 4; lastKnownFileType = sourcecode.swift; path = EmailConfig.swift; sourceTree = "<group>"; };
		803306B61ECDF9EE00297819 /* EmailSender.swift */ = {isa = PBXFileReference; fileEncoding = 4; lastKnownFileType = sourcecode.swift; path = EmailSender.swift; sourceTree = "<group>"; };
		803306B71ECDF9EE00297819 /* Extensions.swift */ = {isa = PBXFileReference; fileEncoding = 4; lastKnownFileType = sourcecode.swift; path = Extensions.swift; sourceTree = "<group>"; };
		803306B81ECDF9EE00297819 /* LaunchScreen_Splash.storyboard */ = {isa = PBXFileReference; fileEncoding = 4; lastKnownFileType = file.storyboard; path = LaunchScreen_Splash.storyboard; sourceTree = "<group>"; };
		803306B91ECDF9EE00297819 /* RunningSchedule-Bridging-Header.h */ = {isa = PBXFileReference; fileEncoding = 4; lastKnownFileType = sourcecode.c.h; path = "RunningSchedule-Bridging-Header.h"; sourceTree = "<group>"; };
		803306BA1ECDF9EE00297819 /* UDWrapper.swift */ = {isa = PBXFileReference; fileEncoding = 4; lastKnownFileType = sourcecode.swift; path = UDWrapper.swift; sourceTree = "<group>"; };
		E3077C0B02747F8FAE63E561 /* Pods-Running Schedule.debug.xcconfig */ = {isa = PBXFileReference; includeInIndex = 1; lastKnownFileType = text.xcconfig; name = "Pods-Running Schedule.debug.xcconfig"; path = "Pods/Target Support Files/Pods-Running Schedule/Pods-Running Schedule.debug.xcconfig"; sourceTree = "<group>"; };
/* End PBXFileReference section */

/* Begin PBXFrameworksBuildPhase section */
		803306781ECDF88B00297819 /* Frameworks */ = {
			isa = PBXFrameworksBuildPhase;
			buildActionMask = 2147483647;
			files = (
				B0E095EF8AD50BB2AA34DB2D /* Pods_Running_Schedule.framework in Frameworks */,
			);
			runOnlyForDeploymentPostprocessing = 0;
		};
/* End PBXFrameworksBuildPhase section */

/* Begin PBXGroup section */
		0BC8A3C1969D59370A29400A /* Frameworks */ = {
			isa = PBXGroup;
			children = (
				47FBB9CBF2EF78FBD7417D15 /* Pods_Running_Schedule.framework */,
			);
			name = Frameworks;
			sourceTree = "<group>";
		};
		288FF1744EA9224845825E68 /* Pods */ = {
			isa = PBXGroup;
			children = (
				E3077C0B02747F8FAE63E561 /* Pods-Running Schedule.debug.xcconfig */,
				38439F64ACD1D92376F30627 /* Pods-Running Schedule.release.xcconfig */,
			);
			name = Pods;
			sourceTree = "<group>";
		};
		803306721ECDF88B00297819 = {
			isa = PBXGroup;
			children = (
				8033067D1ECDF88B00297819 /* Running Schedule */,
				8033067C1ECDF88B00297819 /* Products */,
				288FF1744EA9224845825E68 /* Pods */,
				0BC8A3C1969D59370A29400A /* Frameworks */,
			);
			sourceTree = "<group>";
		};
		8033067C1ECDF88B00297819 /* Products */ = {
			isa = PBXGroup;
			children = (
				8033067B1ECDF88B00297819 /* Running Schedule.app */,
			);
			name = Products;
			sourceTree = "<group>";
		};
		8033067D1ECDF88B00297819 /* Running Schedule */ = {
			isa = PBXGroup;
			children = (
				803306971ECDF8F900297819 /* ApiService */,
				803306981ECDF90400297819 /* View */,
				803306991ECDF90800297819 /* Model */,
				8033069A1ECDF90D00297819 /* Controller */,
				8033069B1ECDF91100297819 /* Other */,
			);
			path = "Running Schedule";
			sourceTree = "<group>";
		};
		803306971ECDF8F900297819 /* ApiService */ = {
			isa = PBXGroup;
			children = (
				8033069C1ECDF93600297819 /* ApiService.swift */,
			);
			name = ApiService;
			sourceTree = "<group>";
		};
		803306981ECDF90400297819 /* View */ = {
			isa = PBXGroup;
			children = (
				8033069E1ECDF94E00297819 /* RaceCell.swift */,
				8033069F1ECDF94E00297819 /* SearchBarView.swift */,
				803306A01ECDF94E00297819 /* SideMenuOptionCell.swift */,
			);
			name = View;
			sourceTree = "<group>";
		};
		803306991ECDF90800297819 /* Model */ = {
			isa = PBXGroup;
			children = (
				803306A41ECDF95E00297819 /* Race.swift */,
			);
			name = Model;
			sourceTree = "<group>";
		};
		8033069A1ECDF90D00297819 /* Controller */ = {
			isa = PBXGroup;
			children = (
				803306A61ECDF98200297819 /* AboutController.swift */,
				803306A71ECDF98200297819 /* GeneralController.swift */,
				803306A81ECDF98200297819 /* GeneralController+Handlers.swift */,
				803306A91ECDF98200297819 /* OptionsController.swift */,
				803306AA1ECDF98200297819 /* RaceController.swift */,
				803306AB1ECDF98200297819 /* SideMenuViewController.swift */,
				803306AC1ECDF98200297819 /* SuggestRaceController.swift */,
			);
			name = Controller;
			sourceTree = "<group>";
		};
		8033069B1ECDF91100297819 /* Other */ = {
			isa = PBXGroup;
			children = (
				803306851ECDF88B00297819 /* Assets.xcassets */,
				8033067E1ECDF88B00297819 /* AppDelegate.swift */,
				803306B41ECDF9EE00297819 /* AlertHelper.swift */,
				803306B51ECDF9EE00297819 /* EmailConfig.swift */,
				803306B61ECDF9EE00297819 /* EmailSender.swift */,
				803306B71ECDF9EE00297819 /* Extensions.swift */,
				803306B81ECDF9EE00297819 /* LaunchScreen_Splash.storyboard */,
				803306B91ECDF9EE00297819 /* RunningSchedule-Bridging-Header.h */,
				803306BA1ECDF9EE00297819 /* UDWrapper.swift */,
				8033068A1ECDF88B00297819 /* Info.plist */,
			);
			name = Other;
			sourceTree = "<group>";
		};
/* End PBXGroup section */

/* Begin PBXNativeTarget section */
		8033067A1ECDF88B00297819 /* Running Schedule */ = {
			isa = PBXNativeTarget;
			buildConfigurationList = 8033068D1ECDF88B00297819 /* Build configuration list for PBXNativeTarget "Running Schedule" */;
			buildPhases = (
				C298391CC49A5DA478817A2D /* [CP] Check Pods Manifest.lock */,
				803306771ECDF88B00297819 /* Sources */,
				803306781ECDF88B00297819 /* Frameworks */,
				803306791ECDF88B00297819 /* Resources */,
				E4CDAE241FFFA045CFA5DA04 /* [CP] Embed Pods Frameworks */,
				E469FBC6B6F1AB5FC3C69263 /* [CP] Copy Pods Resources */,
			);
			buildRules = (
			);
			dependencies = (
			);
			name = "Running Schedule";
			productName = "Running Schedule";
			productReference = 8033067B1ECDF88B00297819 /* Running Schedule.app */;
			productType = "com.apple.product-type.application";
		};
/* End PBXNativeTarget section */

/* Begin PBXProject section */
		803306731ECDF88B00297819 /* Project object */ = {
			isa = PBXProject;
			attributes = {
				LastSwiftUpdateCheck = 0820;
				LastUpgradeCheck = 0820;
				ORGANIZATIONNAME = LuisMachado;
				TargetAttributes = {
					8033067A1ECDF88B00297819 = {
						CreatedOnToolsVersion = 8.2.1;
						DevelopmentTeam = MJHBLUH3VK;
						ProvisioningStyle = Automatic;
					};
				};
			};
			buildConfigurationList = 803306761ECDF88B00297819 /* Build configuration list for PBXProject "Running Schedule" */;
			compatibilityVersion = "Xcode 3.2";
			developmentRegion = English;
			hasScannedForEncodings = 0;
			knownRegions = (
				en,
				Base,
			);
			mainGroup = 803306721ECDF88B00297819;
			productRefGroup = 8033067C1ECDF88B00297819 /* Products */;
			projectDirPath = "";
			projectRoot = "";
			targets = (
				8033067A1ECDF88B00297819 /* Running Schedule */,
			);
		};
/* End PBXProject section */

/* Begin PBXResourcesBuildPhase section */
		803306791ECDF88B00297819 /* Resources */ = {
			isa = PBXResourcesBuildPhase;
			buildActionMask = 2147483647;
			files = (
				803306BF1ECDF9EE00297819 /* LaunchScreen_Splash.storyboard in Resources */,
				803306861ECDF88B00297819 /* Assets.xcassets in Resources */,
			);
			runOnlyForDeploymentPostprocessing = 0;
		};
/* End PBXResourcesBuildPhase section */

/* Begin PBXShellScriptBuildPhase section */
		C298391CC49A5DA478817A2D /* [CP] Check Pods Manifest.lock */ = {
			isa = PBXShellScriptBuildPhase;
			buildActionMask = 2147483647;
			files = (
			);
			inputPaths = (
			);
			name = "[CP] Check Pods Manifest.lock";
			outputPaths = (
			);
			runOnlyForDeploymentPostprocessing = 0;
			shellPath = /bin/sh;
			shellScript = "diff \"${PODS_ROOT}/../Podfile.lock\" \"${PODS_ROOT}/Manifest.lock\" > /dev/null\nif [ $? != 0 ] ; then\n    # print error to STDERR\n    echo \"error: The sandbox is not in sync with the Podfile.lock. Run 'pod install' or update your CocoaPods installation.\" >&2\n    exit 1\nfi\n";
			showEnvVarsInLog = 0;
		};
		E469FBC6B6F1AB5FC3C69263 /* [CP] Copy Pods Resources */ = {
			isa = PBXShellScriptBuildPhase;
			buildActionMask = 2147483647;
			files = (
			);
			inputPaths = (
			);
			name = "[CP] Copy Pods Resources";
			outputPaths = (
			);
			runOnlyForDeploymentPostprocessing = 0;
			shellPath = /bin/sh;
			shellScript = "\"${SRCROOT}/Pods/Target Support Files/Pods-Running Schedule/Pods-Running Schedule-resources.sh\"\n";
			showEnvVarsInLog = 0;
		};
		E4CDAE241FFFA045CFA5DA04 /* [CP] Embed Pods Frameworks */ = {
			isa = PBXShellScriptBuildPhase;
			buildActionMask = 2147483647;
			files = (
			);
			inputPaths = (
			);
			name = "[CP] Embed Pods Frameworks";
			outputPaths = (
			);
			runOnlyForDeploymentPostprocessing = 0;
			shellPath = /bin/sh;
			shellScript = "\"${SRCROOT}/Pods/Target Support Files/Pods-Running Schedule/Pods-Running Schedule-frameworks.sh\"\n";
			showEnvVarsInLog = 0;
		};
/* End PBXShellScriptBuildPhase section */

/* Begin PBXSourcesBuildPhase section */
		803306771ECDF88B00297819 /* Sources */ = {
			isa = PBXSourcesBuildPhase;
			buildActionMask = 2147483647;
			files = (
				803306BC1ECDF9EE00297819 /* EmailConfig.swift in Sources */,
				803306A21ECDF94E00297819 /* SearchBarView.swift in Sources */,
				803306C01ECDF9EE00297819 /* UDWrapper.swift in Sources */,
				803306A51ECDF95E00297819 /* Race.swift in Sources */,
				803306B11ECDF98200297819 /* RaceController.swift in Sources */,
				803306B31ECDF98200297819 /* SuggestRaceController.swift in Sources */,
				803306BD1ECDF9EE00297819 /* EmailSender.swift in Sources */,
				803306BB1ECDF9EE00297819 /* AlertHelper.swift in Sources */,
				803306B21ECDF98200297819 /* SideMenuViewController.swift in Sources */,
				803306A11ECDF94E00297819 /* RaceCell.swift in Sources */,
				803306B01ECDF98200297819 /* OptionsController.swift in Sources */,
				803306A31ECDF94E00297819 /* SideMenuOptionCell.swift in Sources */,
				803306AF1ECDF98200297819 /* GeneralController+Handlers.swift in Sources */,
				8033067F1ECDF88B00297819 /* AppDelegate.swift in Sources */,
				803306AE1ECDF98200297819 /* GeneralController.swift in Sources */,
				803306BE1ECDF9EE00297819 /* Extensions.swift in Sources */,
				8033069D1ECDF93600297819 /* ApiService.swift in Sources */,
				803306AD1ECDF98200297819 /* AboutController.swift in Sources */,
			);
			runOnlyForDeploymentPostprocessing = 0;
		};
/* End PBXSourcesBuildPhase section */

/* Begin XCBuildConfiguration section */
		8033068B1ECDF88B00297819 /* Debug */ = {
			isa = XCBuildConfiguration;
			buildSettings = {
				ALWAYS_SEARCH_USER_PATHS = NO;
				CLANG_ANALYZER_NONNULL = YES;
				CLANG_CXX_LANGUAGE_STANDARD = "gnu++0x";
				CLANG_CXX_LIBRARY = "libc++";
				CLANG_ENABLE_MODULES = YES;
				CLANG_ENABLE_OBJC_ARC = YES;
				CLANG_WARN_BOOL_CONVERSION = YES;
				CLANG_WARN_CONSTANT_CONVERSION = YES;
				CLANG_WARN_DIRECT_OBJC_ISA_USAGE = YES_ERROR;
				CLANG_WARN_DOCUMENTATION_COMMENTS = YES;
				CLANG_WARN_EMPTY_BODY = YES;
				CLANG_WARN_ENUM_CONVERSION = YES;
				CLANG_WARN_INFINITE_RECURSION = YES;
				CLANG_WARN_INT_CONVERSION = YES;
				CLANG_WARN_OBJC_ROOT_CLASS = YES_ERROR;
				CLANG_WARN_SUSPICIOUS_MOVE = YES;
				CLANG_WARN_UNREACHABLE_CODE = YES;
				CLANG_WARN__DUPLICATE_METHOD_MATCH = YES;
				"CODE_SIGN_IDENTITY[sdk=iphoneos*]" = "iPhone Developer";
				COPY_PHASE_STRIP = NO;
				DEBUG_INFORMATION_FORMAT = dwarf;
				ENABLE_STRICT_OBJC_MSGSEND = YES;
				ENABLE_TESTABILITY = YES;
				GCC_C_LANGUAGE_STANDARD = gnu99;
				GCC_DYNAMIC_NO_PIC = NO;
				GCC_NO_COMMON_BLOCKS = YES;
				GCC_OPTIMIZATION_LEVEL = 0;
				GCC_PREPROCESSOR_DEFINITIONS = (
					"DEBUG=1",
					"$(inherited)",
				);
				GCC_WARN_64_TO_32_BIT_CONVERSION = YES;
				GCC_WARN_ABOUT_RETURN_TYPE = YES_ERROR;
				GCC_WARN_UNDECLARED_SELECTOR = YES;
				GCC_WARN_UNINITIALIZED_AUTOS = YES_AGGRESSIVE;
				GCC_WARN_UNUSED_FUNCTION = YES;
				GCC_WARN_UNUSED_VARIABLE = YES;
				IPHONEOS_DEPLOYMENT_TARGET = 10.2;
				MTL_ENABLE_DEBUG_INFO = YES;
				ONLY_ACTIVE_ARCH = YES;
				SDKROOT = iphoneos;
				SWIFT_ACTIVE_COMPILATION_CONDITIONS = DEBUG;
				SWIFT_OPTIMIZATION_LEVEL = "-Onone";
			};
			name = Debug;
		};
		8033068C1ECDF88B00297819 /* Release */ = {
			isa = XCBuildConfiguration;
			buildSettings = {
				ALWAYS_SEARCH_USER_PATHS = NO;
				CLANG_ANALYZER_NONNULL = YES;
				CLANG_CXX_LANGUAGE_STANDARD = "gnu++0x";
				CLANG_CXX_LIBRARY = "libc++";
				CLANG_ENABLE_MODULES = YES;
				CLANG_ENABLE_OBJC_ARC = YES;
				CLANG_WARN_BOOL_CONVERSION = YES;
				CLANG_WARN_CONSTANT_CONVERSION = YES;
				CLANG_WARN_DIRECT_OBJC_ISA_USAGE = YES_ERROR;
				CLANG_WARN_DOCUMENTATION_COMMENTS = YES;
				CLANG_WARN_EMPTY_BODY = YES;
				CLANG_WARN_ENUM_CONVERSION = YES;
				CLANG_WARN_INFINITE_RECURSION = YES;
				CLANG_WARN_INT_CONVERSION = YES;
				CLANG_WARN_OBJC_ROOT_CLASS = YES_ERROR;
				CLANG_WARN_SUSPICIOUS_MOVE = YES;
				CLANG_WARN_UNREACHABLE_CODE = YES;
				CLANG_WARN__DUPLICATE_METHOD_MATCH = YES;
				"CODE_SIGN_IDENTITY[sdk=iphoneos*]" = "iPhone Developer";
				COPY_PHASE_STRIP = NO;
				DEBUG_INFORMATION_FORMAT = "dwarf-with-dsym";
				ENABLE_NS_ASSERTIONS = NO;
				ENABLE_STRICT_OBJC_MSGSEND = YES;
				GCC_C_LANGUAGE_STANDARD = gnu99;
				GCC_NO_COMMON_BLOCKS = YES;
				GCC_WARN_64_TO_32_BIT_CONVERSION = YES;
				GCC_WARN_ABOUT_RETURN_TYPE = YES_ERROR;
				GCC_WARN_UNDECLARED_SELECTOR = YES;
				GCC_WARN_UNINITIALIZED_AUTOS = YES_AGGRESSIVE;
				GCC_WARN_UNUSED_FUNCTION = YES;
				GCC_WARN_UNUSED_VARIABLE = YES;
				IPHONEOS_DEPLOYMENT_TARGET = 10.2;
				MTL_ENABLE_DEBUG_INFO = NO;
				SDKROOT = iphoneos;
				SWIFT_OPTIMIZATION_LEVEL = "-Owholemodule";
				VALIDATE_PRODUCT = YES;
			};
			name = Release;
		};
		8033068E1ECDF88B00297819 /* Debug */ = {
			isa = XCBuildConfiguration;
			baseConfigurationReference = E3077C0B02747F8FAE63E561 /* Pods-Running Schedule.debug.xcconfig */;
			buildSettings = {
				ASSETCATALOG_COMPILER_APPICON_NAME = "AppIcon-1";
				DEVELOPMENT_TEAM = MJHBLUH3VK;
				INFOPLIST_FILE = "Running Schedule/Info.plist";
				IPHONEOS_DEPLOYMENT_TARGET = 10.0;
				LD_RUNPATH_SEARCH_PATHS = "$(inherited) @executable_path/Frameworks";
				PRODUCT_BUNDLE_IDENTIFIER = "com.luismachado.Running-Schedule";
				PRODUCT_NAME = "$(TARGET_NAME)";
				SWIFT_OBJC_BRIDGING_HEADER = "Running Schedule/RunningSchedule-Bridging-Header.h";
				SWIFT_VERSION = 3.0;
				TARGETED_DEVICE_FAMILY = "1,2";
			};
			name = Debug;
		};
		8033068F1ECDF88B00297819 /* Release */ = {
			isa = XCBuildConfiguration;
			baseConfigurationReference = 38439F64ACD1D92376F30627 /* Pods-Running Schedule.release.xcconfig */;
			buildSettings = {
				ASSETCATALOG_COMPILER_APPICON_NAME = "AppIcon-1";
				DEVELOPMENT_TEAM = MJHBLUH3VK;
				INFOPLIST_FILE = "Running Schedule/Info.plist";
				IPHONEOS_DEPLOYMENT_TARGET = 10.0;
				LD_RUNPATH_SEARCH_PATHS = "$(inherited) @executable_path/Frameworks";
				PRODUCT_BUNDLE_IDENTIFIER = "com.luismachado.Running-Schedule";
				PRODUCT_NAME = "$(TARGET_NAME)";
				SWIFT_OBJC_BRIDGING_HEADER = "Running Schedule/RunningSchedule-Bridging-Header.h";
				SWIFT_VERSION = 3.0;
				TARGETED_DEVICE_FAMILY = "1,2";
			};
			name = Release;
		};
/* End XCBuildConfiguration section */

/* Begin XCConfigurationList section */
		803306761ECDF88B00297819 /* Build configuration list for PBXProject "Running Schedule" */ = {
			isa = XCConfigurationList;
			buildConfigurations = (
				8033068B1ECDF88B00297819 /* Debug */,
				8033068C1ECDF88B00297819 /* Release */,
			);
			defaultConfigurationIsVisible = 0;
			defaultConfigurationName = Release;
		};
		8033068D1ECDF88B00297819 /* Build configuration list for PBXNativeTarget "Running Schedule" */ = {
			isa = XCConfigurationList;
			buildConfigurations = (
				8033068E1ECDF88B00297819 /* Debug */,
				8033068F1ECDF88B00297819 /* Release */,
			);
			defaultConfigurationIsVisible = 0;
			defaultConfigurationName = Release;
		};
/* End XCConfigurationList section */
	};
	rootObject = 803306731ECDF88B00297819 /* Project object */;
}
